
Microsoft Visual Studio Solution File, Format Version 12.00
# Visual Studio Version 17
VisualStudioVersion = 17.6.33815.320
MinimumVisualStudioVersion = 10.0.40219.1
Project("{9A19103F-16F7-4668-BE54-9A1E7A4F7556}") = "photo", "photo\photo.csproj", "{13FC8002-3FFF-4B0A-B39A-E195FA5043F1}"
EndProject
Project("{FAE04EC0-301F-11D3-BF4B-00C04F79EFBC}") = "photoApi", "photoApi\photoApi.csproj", "{5367E421-5016-48F4-AC68-3D9F5E76A280}"
EndProject
Global
	GlobalSection(SolutionConfigurationPlatforms) = preSolution
		Debug|Any CPU = Debug|Any CPU
		Release|Any CPU = Release|Any CPU
	EndGlobalSection
	GlobalSection(ProjectConfigurationPlatforms) = postSolution
		{13FC8002-3FFF-4B0A-B39A-E195FA5043F1}.Debug|Any CPU.ActiveCfg = Debug|Any CPU
		{13FC8002-3FFF-4B0A-B39A-E195FA5043F1}.Debug|Any CPU.Build.0 = Debug|Any CPU
		{13FC8002-3FFF-4B0A-B39A-E195FA5043F1}.Release|Any CPU.ActiveCfg = Release|Any CPU
		{13FC8002-3FFF-4B0A-B39A-E195FA5043F1}.Release|Any CPU.Build.0 = Release|Any CPU
		{5367E421-5016-48F4-AC68-3D9F5E76A280}.Debug|Any CPU.ActiveCfg = Debug|Any CPU
		{5367E421-5016-48F4-AC68-3D9F5E76A280}.Debug|Any CPU.Build.0 = Debug|Any CPU
		{5367E421-5016-48F4-AC68-3D9F5E76A280}.Release|Any CPU.ActiveCfg = Release|Any CPU
		{5367E421-5016-48F4-AC68-3D9F5E76A280}.Release|Any CPU.Build.0 = Release|Any CPU
	EndGlobalSection
	GlobalSection(SolutionProperties) = preSolution
		HideSolutionNode = FALSE
	EndGlobalSection
	GlobalSection(ExtensibilityGlobals) = postSolution
		SolutionGuid = {D0512E25-4DD8-4392-A242-B6C48BB5DF07}
	EndGlobalSection
EndGlobal
